
Microsoft Visual Studio Solution File, Format Version 12.00
# Visual Studio 2012
Project("{FAE04EC0-301F-11D3-BF4B-00C04F79EFBC}") = "GoogleGeocodingApi", "GoogleGeocodingApi\GoogleGeocodingApi.csproj", "{BCD8906F-8BBA-487E-9016-CB959A564762}"
EndProject
Project("{FAE04EC0-301F-11D3-BF4B-00C04F79EFBC}") = "GoogleGeocodingApi.Sample", "GoogleGeocodingApi.Sample\GoogleGeocodingApi.Sample.csproj", "{26B7C2B4-5D09-4515-88DE-5C6880A3FE0F}"
EndProject
Global
	GlobalSection(SolutionConfigurationPlatforms) = preSolution
		Debug|Any CPU = Debug|Any CPU
		Release|Any CPU = Release|Any CPU
	EndGlobalSection
	GlobalSection(ProjectConfigurationPlatforms) = postSolution
		{26B7C2B4-5D09-4515-88DE-5C6880A3FE0F}.Debug|Any CPU.ActiveCfg = Debug|Any CPU
		{26B7C2B4-5D09-4515-88DE-5C6880A3FE0F}.Debug|Any CPU.Build.0 = Debug|Any CPU
		{26B7C2B4-5D09-4515-88DE-5C6880A3FE0F}.Release|Any CPU.ActiveCfg = Release|Any CPU
		{26B7C2B4-5D09-4515-88DE-5C6880A3FE0F}.Release|Any CPU.Build.0 = Release|Any CPU
		{BCD8906F-8BBA-487E-9016-CB959A564762}.Debug|Any CPU.ActiveCfg = Debug|Any CPU
		{BCD8906F-8BBA-487E-9016-CB959A564762}.Debug|Any CPU.Build.0 = Debug|Any CPU
		{BCD8906F-8BBA-487E-9016-CB959A564762}.Release|Any CPU.ActiveCfg = Release|Any CPU
		{BCD8906F-8BBA-487E-9016-CB959A564762}.Release|Any CPU.Build.0 = Release|Any CPU
	EndGlobalSection
EndGlobal
